// !$*UTF8*$!
{
	archiveVersion = 1;
	classes = {
	};
	objectVersion = 48;
	objects = {

/* Begin PBXBuildFile section */
		17955A0E20BB51E8007D530D /* ViewControllerNotes.swift in Sources */ = {isa = PBXBuildFile; fileRef = 17955A0D20BB51E8007D530D /* ViewControllerNotes.swift */; };
		17955A1020BB7B01007D530D /* ViewControllerImage.swift in Sources */ = {isa = PBXBuildFile; fileRef = 17955A0F20BB7B01007D530D /* ViewControllerImage.swift */; };
		179BECCE20B8AC7800EFD266 /* ViewControllerAuth.swift in Sources */ = {isa = PBXBuildFile; fileRef = 179BECCD20B8AC7800EFD266 /* ViewControllerAuth.swift */; };
		179BECD020B8BCF800EFD266 /* ViewControllerProfile.swift in Sources */ = {isa = PBXBuildFile; fileRef = 179BECCF20B8BCF800EFD266 /* ViewControllerProfile.swift */; };
		179BECD220B8BD3100EFD266 /* ViewControllerForgotPass.swift in Sources */ = {isa = PBXBuildFile; fileRef = 179BECD120B8BD3100EFD266 /* ViewControllerForgotPass.swift */; };
		179D70C020B3B4A1001F55B1 /* AppDelegate.swift in Sources */ = {isa = PBXBuildFile; fileRef = 179D70BF20B3B4A1001F55B1 /* AppDelegate.swift */; };
		179D70C220B3B4A1001F55B1 /* ViewController.swift in Sources */ = {isa = PBXBuildFile; fileRef = 179D70C120B3B4A1001F55B1 /* ViewController.swift */; };
		179D70C520B3B4A1001F55B1 /* Main.storyboard in Resources */ = {isa = PBXBuildFile; fileRef = 179D70C320B3B4A1001F55B1 /* Main.storyboard */; };
		179D70C720B3B4A1001F55B1 /* Assets.xcassets in Resources */ = {isa = PBXBuildFile; fileRef = 179D70C620B3B4A1001F55B1 /* Assets.xcassets */; };
		179D70CA20B3B4A1001F55B1 /* LaunchScreen.storyboard in Resources */ = {isa = PBXBuildFile; fileRef = 179D70C820B3B4A1001F55B1 /* LaunchScreen.storyboard */; };
		179D70D220B3B4B5001F55B1 /* GoogleService-Info.plist in Resources */ = {isa = PBXBuildFile; fileRef = 179D70D120B3B4B5001F55B1 /* GoogleService-Info.plist */; };
		B76DB8B9A8F5FF9B3F2B8C61 /* Pods_MyCloud.framework in Frameworks */ = {isa = PBXBuildFile; fileRef = 498293B4CFED4F825D9D0EB3 /* Pods_MyCloud.framework */; };
/* End PBXBuildFile section */

/* Begin PBXFileReference section */
		17955A0D20BB51E8007D530D /* ViewControllerNotes.swift */ = {isa = PBXFileReference; lastKnownFileType = sourcecode.swift; path = ViewControllerNotes.swift; sourceTree = "<group>"; };
		17955A0F20BB7B01007D530D /* ViewControllerImage.swift */ = {isa = PBXFileReference; lastKnownFileType = sourcecode.swift; path = ViewControllerImage.swift; sourceTree = "<group>"; };
		179BECCD20B8AC7800EFD266 /* ViewControllerAuth.swift */ = {isa = PBXFileReference; lastKnownFileType = sourcecode.swift; path = ViewControllerAuth.swift; sourceTree = "<group>"; };
		179BECCF20B8BCF800EFD266 /* ViewControllerProfile.swift */ = {isa = PBXFileReference; lastKnownFileType = sourcecode.swift; path = ViewControllerProfile.swift; sourceTree = "<group>"; };
		179BECD120B8BD3100EFD266 /* ViewControllerForgotPass.swift */ = {isa = PBXFileReference; lastKnownFileType = sourcecode.swift; path = ViewControllerForgotPass.swift; sourceTree = "<group>"; };
		179D70BC20B3B4A1001F55B1 /* MyCloud.app */ = {isa = PBXFileReference; explicitFileType = wrapper.application; includeInIndex = 0; path = MyCloud.app; sourceTree = BUILT_PRODUCTS_DIR; };
		179D70BF20B3B4A1001F55B1 /* AppDelegate.swift */ = {isa = PBXFileReference; lastKnownFileType = sourcecode.swift; path = AppDelegate.swift; sourceTree = "<group>"; };
		179D70C120B3B4A1001F55B1 /* ViewController.swift */ = {isa = PBXFileReference; lastKnownFileType = sourcecode.swift; path = ViewController.swift; sourceTree = "<group>"; };
		179D70C420B3B4A1001F55B1 /* Base */ = {isa = PBXFileReference; lastKnownFileType = file.storyboard; name = Base; path = Base.lproj/Main.storyboard; sourceTree = "<group>"; };
		179D70C620B3B4A1001F55B1 /* Assets.xcassets */ = {isa = PBXFileReference; lastKnownFileType = folder.assetcatalog; path = Assets.xcassets; sourceTree = "<group>"; };
		179D70C920B3B4A1001F55B1 /* Base */ = {isa = PBXFileReference; lastKnownFileType = file.storyboard; name = Base; path = Base.lproj/LaunchScreen.storyboard; sourceTree = "<group>"; };
		179D70CB20B3B4A1001F55B1 /* Info.plist */ = {isa = PBXFileReference; lastKnownFileType = text.plist.xml; path = Info.plist; sourceTree = "<group>"; };
		179D70D120B3B4B5001F55B1 /* GoogleService-Info.plist */ = {isa = PBXFileReference; fileEncoding = 4; lastKnownFileType = text.plist.xml; name = "GoogleService-Info.plist"; path = "../GoogleService-Info.plist"; sourceTree = "<group>"; };
		498293B4CFED4F825D9D0EB3 /* Pods_MyCloud.framework */ = {isa = PBXFileReference; explicitFileType = wrapper.framework; includeInIndex = 0; path = Pods_MyCloud.framework; sourceTree = BUILT_PRODUCTS_DIR; };
		4F4B8CA117B58772143D53DD /* Pods-MyCloud.debug.xcconfig */ = {isa = PBXFileReference; includeInIndex = 1; lastKnownFileType = text.xcconfig; name = "Pods-MyCloud.debug.xcconfig"; path = "Pods/Target Support Files/Pods-MyCloud/Pods-MyCloud.debug.xcconfig"; sourceTree = "<group>"; };
		D1EA3B95C06DA338D01313AB /* Pods-MyCloud.release.xcconfig */ = {isa = PBXFileReference; includeInIndex = 1; lastKnownFileType = text.xcconfig; name = "Pods-MyCloud.release.xcconfig"; path = "Pods/Target Support Files/Pods-MyCloud/Pods-MyCloud.release.xcconfig"; sourceTree = "<group>"; };
/* End PBXFileReference section */

/* Begin PBXFrameworksBuildPhase section */
		179D70B920B3B4A1001F55B1 /* Frameworks */ = {
			isa = PBXFrameworksBuildPhase;
			buildActionMask = 2147483647;
			files = (
				B76DB8B9A8F5FF9B3F2B8C61 /* Pods_MyCloud.framework in Frameworks */,
			);
			runOnlyForDeploymentPostprocessing = 0;
		};
/* End PBXFrameworksBuildPhase section */

/* Begin PBXGroup section */
		179D70B320B3B4A1001F55B1 = {
			isa = PBXGroup;
			children = (
				179D70BE20B3B4A1001F55B1 /* MyCloud */,
				179D70BD20B3B4A1001F55B1 /* Products */,
				7F6A7624676E6B9FF1941D8C /* Pods */,
				8C1390C27BE62E78C77C2A11 /* Frameworks */,
			);
			sourceTree = "<group>";
		};
		179D70BD20B3B4A1001F55B1 /* Products */ = {
			isa = PBXGroup;
			children = (
				179D70BC20B3B4A1001F55B1 /* MyCloud.app */,
			);
			name = Products;
			sourceTree = "<group>";
		};
		179D70BE20B3B4A1001F55B1 /* MyCloud */ = {
			isa = PBXGroup;
			children = (
				179D70BF20B3B4A1001F55B1 /* AppDelegate.swift */,
				179D70C120B3B4A1001F55B1 /* ViewController.swift */,
				179D70C320B3B4A1001F55B1 /* Main.storyboard */,
				17955A0F20BB7B01007D530D /* ViewControllerImage.swift */,
				17955A0D20BB51E8007D530D /* ViewControllerNotes.swift */,
				179BECD120B8BD3100EFD266 /* ViewControllerForgotPass.swift */,
				179BECCF20B8BCF800EFD266 /* ViewControllerProfile.swift */,
				179BECCD20B8AC7800EFD266 /* ViewControllerAuth.swift */,
				179D70C620B3B4A1001F55B1 /* Assets.xcassets */,
				179D70C820B3B4A1001F55B1 /* LaunchScreen.storyboard */,
				179D70D120B3B4B5001F55B1 /* GoogleService-Info.plist */,
				179D70CB20B3B4A1001F55B1 /* Info.plist */,
			);
			path = MyCloud;
			sourceTree = "<group>";
		};
		7F6A7624676E6B9FF1941D8C /* Pods */ = {
			isa = PBXGroup;
			children = (
				4F4B8CA117B58772143D53DD /* Pods-MyCloud.debug.xcconfig */,
				D1EA3B95C06DA338D01313AB /* Pods-MyCloud.release.xcconfig */,
			);
			name = Pods;
			sourceTree = "<group>";
		};
		8C1390C27BE62E78C77C2A11 /* Frameworks */ = {
			isa = PBXGroup;
			children = (
				498293B4CFED4F825D9D0EB3 /* Pods_MyCloud.framework */,
			);
			name = Frameworks;
			sourceTree = "<group>";
		};
/* End PBXGroup section */

/* Begin PBXNativeTarget section */
		179D70BB20B3B4A1001F55B1 /* MyCloud */ = {
			isa = PBXNativeTarget;
			buildConfigurationList = 179D70CE20B3B4A1001F55B1 /* Build configuration list for PBXNativeTarget "MyCloud" */;
			buildPhases = (
				273BCF95520BDC4B6EC52205 /* [CP] Check Pods Manifest.lock */,
				179D70B820B3B4A1001F55B1 /* Sources */,
				179D70B920B3B4A1001F55B1 /* Frameworks */,
				179D70BA20B3B4A1001F55B1 /* Resources */,
				2890B32403492558AF133364 /* [CP] Embed Pods Frameworks */,
			);
			buildRules = (
			);
			dependencies = (
			);
			name = MyCloud;
			productName = MyCloud;
			productReference = 179D70BC20B3B4A1001F55B1 /* MyCloud.app */;
			productType = "com.apple.product-type.application";
		};
/* End PBXNativeTarget section */

/* Begin PBXProject section */
		179D70B420B3B4A1001F55B1 /* Project object */ = {
			isa = PBXProject;
			attributes = {
				LastSwiftUpdateCheck = 0920;
				LastUpgradeCheck = 0920;
				ORGANIZATIONNAME = MacOSSierra;
				TargetAttributes = {
					179D70BB20B3B4A1001F55B1 = {
						CreatedOnToolsVersion = 9.2;
						ProvisioningStyle = Automatic;
					};
				};
			};
			buildConfigurationList = 179D70B720B3B4A1001F55B1 /* Build configuration list for PBXProject "MyCloud" */;
			compatibilityVersion = "Xcode 8.0";
			developmentRegion = en;
			hasScannedForEncodings = 0;
			knownRegions = (
				en,
				Base,
			);
			mainGroup = 179D70B320B3B4A1001F55B1;
			productRefGroup = 179D70BD20B3B4A1001F55B1 /* Products */;
			projectDirPath = "";
			projectRoot = "";
			targets = (
				179D70BB20B3B4A1001F55B1 /* MyCloud */,
			);
		};
/* End PBXProject section */

/* Begin PBXResourcesBuildPhase section */
		179D70BA20B3B4A1001F55B1 /* Resources */ = {
			isa = PBXResourcesBuildPhase;
			buildActionMask = 2147483647;
			files = (
				179D70CA20B3B4A1001F55B1 /* LaunchScreen.storyboard in Resources */,
				179D70D220B3B4B5001F55B1 /* GoogleService-Info.plist in Resources */,
				179D70C720B3B4A1001F55B1 /* Assets.xcassets in Resources */,
				179D70C520B3B4A1001F55B1 /* Main.storyboard in Resources */,
			);
			runOnlyForDeploymentPostprocessing = 0;
		};
/* End PBXResourcesBuildPhase section */

/* Begin PBXShellScriptBuildPhase section */
		273BCF95520BDC4B6EC52205 /* [CP] Check Pods Manifest.lock */ = {
			isa = PBXShellScriptBuildPhase;
			buildActionMask = 2147483647;
			files = (
			);
			inputPaths = (
				"${PODS_PODFILE_DIR_PATH}/Podfile.lock",
				"${PODS_ROOT}/Manifest.lock",
			);
			name = "[CP] Check Pods Manifest.lock";
			outputPaths = (
				"$(DERIVED_FILE_DIR)/Pods-MyCloud-checkManifestLockResult.txt",
			);
			runOnlyForDeploymentPostprocessing = 0;
			shellPath = /bin/sh;
			shellScript = "diff \"${PODS_PODFILE_DIR_PATH}/Podfile.lock\" \"${PODS_ROOT}/Manifest.lock\" > /dev/null\nif [ $? != 0 ] ; then\n    # print error to STDERR\n    echo \"error: The sandbox is not in sync with the Podfile.lock. Run 'pod install' or update your CocoaPods installation.\" >&2\n    exit 1\nfi\n# This output is used by Xcode 'outputs' to avoid re-running this script phase.\necho \"SUCCESS\" > \"${SCRIPT_OUTPUT_FILE_0}\"\n";
			showEnvVarsInLog = 0;
		};
		2890B32403492558AF133364 /* [CP] Embed Pods Frameworks */ = {
			isa = PBXShellScriptBuildPhase;
			buildActionMask = 2147483647;
			files = (
			);
			inputPaths = (
				"${SRCROOT}/Pods/Target Support Files/Pods-MyCloud/Pods-MyCloud-frameworks.sh",
				"${BUILT_PRODUCTS_DIR}/GTMSessionFetcher/GTMSessionFetcher.framework",
				"${BUILT_PRODUCTS_DIR}/GoogleToolboxForMac/GoogleToolboxForMac.framework",
				"${BUILT_PRODUCTS_DIR}/SDWebImage/SDWebImage.framework",
				"${BUILT_PRODUCTS_DIR}/leveldb-library/leveldb.framework",
				"${BUILT_PRODUCTS_DIR}/nanopb/nanopb.framework",
			);
			name = "[CP] Embed Pods Frameworks";
			outputPaths = (
				"${TARGET_BUILD_DIR}/${FRAMEWORKS_FOLDER_PATH}/GTMSessionFetcher.framework",
				"${TARGET_BUILD_DIR}/${FRAMEWORKS_FOLDER_PATH}/GoogleToolboxForMac.framework",
				"${TARGET_BUILD_DIR}/${FRAMEWORKS_FOLDER_PATH}/SDWebImage.framework",
				"${TARGET_BUILD_DIR}/${FRAMEWORKS_FOLDER_PATH}/leveldb.framework",
				"${TARGET_BUILD_DIR}/${FRAMEWORKS_FOLDER_PATH}/nanopb.framework",
			);
			runOnlyForDeploymentPostprocessing = 0;
			shellPath = /bin/sh;
			shellScript = "\"${SRCROOT}/Pods/Target Support Files/Pods-MyCloud/Pods-MyCloud-frameworks.sh\"\n";
			showEnvVarsInLog = 0;
		};
/* End PBXShellScriptBuildPhase section */

/* Begin PBXSourcesBuildPhase section */
		179D70B820B3B4A1001F55B1 /* Sources */ = {
			isa = PBXSourcesBuildPhase;
			buildActionMask = 2147483647;
			files = (
				179D70C220B3B4A1001F55B1 /* ViewController.swift in Sources */,
				179D70C020B3B4A1001F55B1 /* AppDelegate.swift in Sources */,
				17955A0E20BB51E8007D530D /* ViewControllerNotes.swift in Sources */,
				179BECD220B8BD3100EFD266 /* ViewControllerForgotPass.swift in Sources */,
				17955A1020BB7B01007D530D /* ViewControllerImage.swift in Sources */,
				179BECD020B8BCF800EFD266 /* ViewControllerProfile.swift in Sources */,
				179BECCE20B8AC7800EFD266 /* ViewControllerAuth.swift in Sources */,
			);
			runOnlyForDeploymentPostprocessing = 0;
		};
/* End PBXSourcesBuildPhase section */

/* Begin PBXVariantGroup section */
		179D70C320B3B4A1001F55B1 /* Main.storyboard */ = {
			isa = PBXVariantGroup;
			children = (
				179D70C420B3B4A1001F55B1 /* Base */,
			);
			name = Main.storyboard;
			sourceTree = "<group>";
		};
		179D70C820B3B4A1001F55B1 /* LaunchScreen.storyboard */ = {
			isa = PBXVariantGroup;
			children = (
				179D70C920B3B4A1001F55B1 /* Base */,
			);
			name = LaunchScreen.storyboard;
			sourceTree = "<group>";
		};
/* End PBXVariantGroup section */

/* Begin XCBuildConfiguration section */
		179D70CC20B3B4A1001F55B1 /* Debug */ = {
			isa = XCBuildConfiguration;
			buildSettings = {
				ALWAYS_SEARCH_USER_PATHS = NO;
				CLANG_ANALYZER_NONNULL = YES;
				CLANG_ANALYZER_NUMBER_OBJECT_CONVERSION = YES_AGGRESSIVE;
				CLANG_CXX_LANGUAGE_STANDARD = "gnu++14";
				CLANG_CXX_LIBRARY = "libc++";
				CLANG_ENABLE_MODULES = YES;
				CLANG_ENABLE_OBJC_ARC = YES;
				CLANG_WARN_BLOCK_CAPTURE_AUTORELEASING = YES;
				CLANG_WARN_BOOL_CONVERSION = YES;
				CLANG_WARN_COMMA = YES;
				CLANG_WARN_CONSTANT_CONVERSION = YES;
				CLANG_WARN_DIRECT_OBJC_ISA_USAGE = YES_ERROR;
				CLANG_WARN_DOCUMENTATION_COMMENTS = YES;
				CLANG_WARN_EMPTY_BODY = YES;
				CLANG_WARN_ENUM_CONVERSION = YES;
				CLANG_WARN_INFINITE_RECURSION = YES;
				CLANG_WARN_INT_CONVERSION = YES;
				CLANG_WARN_NON_LITERAL_NULL_CONVERSION = YES;
				CLANG_WARN_OBJC_LITERAL_CONVERSION = YES;
				CLANG_WARN_OBJC_ROOT_CLASS = YES_ERROR;
				CLANG_WARN_RANGE_LOOP_ANALYSIS = YES;
				CLANG_WARN_STRICT_PROTOTYPES = YES;
				CLANG_WARN_SUSPICIOUS_MOVE = YES;
				CLANG_WARN_UNGUARDED_AVAILABILITY = YES_AGGRESSIVE;
				CLANG_WARN_UNREACHABLE_CODE = YES;
				CLANG_WARN__DUPLICATE_METHOD_MATCH = YES;
				CODE_SIGN_IDENTITY = "iPhone Developer";
				COPY_PHASE_STRIP = NO;
				DEBUG_INFORMATION_FORMAT = dwarf;
				ENABLE_STRICT_OBJC_MSGSEND = YES;
				ENABLE_TESTABILITY = YES;
				GCC_C_LANGUAGE_STANDARD = gnu11;
				GCC_DYNAMIC_NO_PIC = NO;
				GCC_NO_COMMON_BLOCKS = YES;
				GCC_OPTIMIZATION_LEVEL = 0;
				GCC_PREPROCESSOR_DEFINITIONS = (
					"DEBUG=1",
					"$(inherited)",
				);
				GCC_WARN_64_TO_32_BIT_CONVERSION = YES;
				GCC_WARN_ABOUT_RETURN_TYPE = YES_ERROR;
				GCC_WARN_UNDECLARED_SELECTOR = YES;
				GCC_WARN_UNINITIALIZED_AUTOS = YES_AGGRESSIVE;
				GCC_WARN_UNUSED_FUNCTION = YES;
				GCC_WARN_UNUSED_VARIABLE = YES;
				IPHONEOS_DEPLOYMENT_TARGET = 11.2;
				MTL_ENABLE_DEBUG_INFO = YES;
				ONLY_ACTIVE_ARCH = YES;
				SDKROOT = iphoneos;
				SWIFT_ACTIVE_COMPILATION_CONDITIONS = DEBUG;
				SWIFT_OPTIMIZATION_LEVEL = "-Onone";
			};
			name = Debug;
		};
		179D70CD20B3B4A1001F55B1 /* Release */ = {
			isa = XCBuildConfiguration;
			buildSettings = {
				ALWAYS_SEARCH_USER_PATHS = NO;
				CLANG_ANALYZER_NONNULL = YES;
				CLANG_ANALYZER_NUMBER_OBJECT_CONVERSION = YES_AGGRESSIVE;
				CLANG_CXX_LANGUAGE_STANDARD = "gnu++14";
				CLANG_CXX_LIBRARY = "libc++";
				CLANG_ENABLE_MODULES = YES;
				CLANG_ENABLE_OBJC_ARC = YES;
				CLANG_WARN_BLOCK_CAPTURE_AUTORELEASING = YES;
				CLANG_WARN_BOOL_CONVERSION = YES;
				CLANG_WARN_COMMA = YES;
				CLANG_WARN_CONSTANT_CONVERSION = YES;
				CLANG_WARN_DIRECT_OBJC_ISA_USAGE = YES_ERROR;
				CLANG_WARN_DOCUMENTATION_COMMENTS = YES;
				CLANG_WARN_EMPTY_BODY = YES;
				CLANG_WARN_ENUM_CONVERSION = YES;
				CLANG_WARN_INFINITE_RECURSION = YES;
				CLANG_WARN_INT_CONVERSION = YES;
				CLANG_WARN_NON_LITERAL_NULL_CONVERSION = YES;
				CLANG_WARN_OBJC_LITERAL_CONVERSION = YES;
				CLANG_WARN_OBJC_ROOT_CLASS = YES_ERROR;
				CLANG_WARN_RANGE_LOOP_ANALYSIS = YES;
				CLANG_WARN_STRICT_PROTOTYPES = YES;
				CLANG_WARN_SUSPICIOUS_MOVE = YES;
				CLANG_WARN_UNGUARDED_AVAILABILITY = YES_AGGRESSIVE;
				CLANG_WARN_UNREACHABLE_CODE = YES;
				CLANG_WARN__DUPLICATE_METHOD_MATCH = YES;
				CODE_SIGN_IDENTITY = "iPhone Developer";
				COPY_PHASE_STRIP = NO;
				DEBUG_INFORMATION_FORMAT = "dwarf-with-dsym";
				ENABLE_NS_ASSERTIONS = NO;
				ENABLE_STRICT_OBJC_MSGSEND = YES;
				GCC_C_LANGUAGE_STANDARD = gnu11;
				GCC_NO_COMMON_BLOCKS = YES;
				GCC_WARN_64_TO_32_BIT_CONVERSION = YES;
				GCC_WARN_ABOUT_RETURN_TYPE = YES_ERROR;
				GCC_WARN_UNDECLARED_SELECTOR = YES;
				GCC_WARN_UNINITIALIZED_AUTOS = YES_AGGRESSIVE;
				GCC_WARN_UNUSED_FUNCTION = YES;
				GCC_WARN_UNUSED_VARIABLE = YES;
				IPHONEOS_DEPLOYMENT_TARGET = 11.2;
				MTL_ENABLE_DEBUG_INFO = NO;
				SDKROOT = iphoneos;
				SWIFT_OPTIMIZATION_LEVEL = "-Owholemodule";
				VALIDATE_PRODUCT = YES;
			};
			name = Release;
		};
		179D70CF20B3B4A1001F55B1 /* Debug */ = {
			isa = XCBuildConfiguration;
			baseConfigurationReference = 4F4B8CA117B58772143D53DD /* Pods-MyCloud.debug.xcconfig */;
			buildSettings = {
				ASSETCATALOG_COMPILER_APPICON_NAME = AppIcon;
				CODE_SIGN_STYLE = Automatic;
				INFOPLIST_FILE = MyCloud/Info.plist;
				LD_RUNPATH_SEARCH_PATHS = "$(inherited) @executable_path/Frameworks";
				PRODUCT_BUNDLE_IDENTIFIER = com.macsierra.MyCloud;
				PRODUCT_NAME = "$(TARGET_NAME)";
				SWIFT_VERSION = 4.0;
				TARGETED_DEVICE_FAMILY = "1,2";
			};
			name = Debug;
		};
		179D70D020B3B4A1001F55B1 /* Release */ = {
			isa = XCBuildConfiguration;
			baseConfigurationReference = D1EA3B95C06DA338D01313AB /* Pods-MyCloud.release.xcconfig */;
			buildSettings = {
				ASSETCATALOG_COMPILER_APPICON_NAME = AppIcon;
				CODE_SIGN_STYLE = Automatic;
				INFOPLIST_FILE = MyCloud/Info.plist;
				LD_RUNPATH_SEARCH_PATHS = "$(inherited) @executable_path/Frameworks";
				PRODUCT_BUNDLE_IDENTIFIER = com.macsierra.MyCloud;
				PRODUCT_NAME = "$(TARGET_NAME)";
				SWIFT_VERSION = 4.0;
				TARGETED_DEVICE_FAMILY = "1,2";
			};
			name = Release;
		};
/* End XCBuildConfiguration section */

/* Begin XCConfigurationList section */
		179D70B720B3B4A1001F55B1 /* Build configuration list for PBXProject "MyCloud" */ = {
			isa = XCConfigurationList;
			buildConfigurations = (
				179D70CC20B3B4A1001F55B1 /* Debug */,
				179D70CD20B3B4A1001F55B1 /* Release */,
			);
			defaultConfigurationIsVisible = 0;
			defaultConfigurationName = Release;
		};
		179D70CE20B3B4A1001F55B1 /* Build configuration list for PBXNativeTarget "MyCloud" */ = {
			isa = XCConfigurationList;
			buildConfigurations = (
				179D70CF20B3B4A1001F55B1 /* Debug */,
				179D70D020B3B4A1001F55B1 /* Release */,
			);
			defaultConfigurationIsVisible = 0;
			defaultConfigurationName = Release;
		};
/* End XCConfigurationList section */
	};
	rootObject = 179D70B420B3B4A1001F55B1 /* Project object */;
}
